
Microsoft Visual Studio Solution File, Format Version 12.00
# Visual Studio Version 16
VisualStudioVersion = 16.0.32602.291
MinimumVisualStudioVersion = 10.0.40219.1
Project("{9A19103F-16F7-4668-BE54-9A1E7A4F7556}") = "AIProject", "MyProject\AIProject.csproj", "{0CB17B96-2AB6-4A52-B627-5C0762F5DC81}"
EndProject
Global
	GlobalSection(SolutionConfigurationPlatforms) = preSolution
		Debug|Any CPU = Debug|Any CPU
		Release|Any CPU = Release|Any CPU
	EndGlobalSection
	GlobalSection(ProjectConfigurationPlatforms) = postSolution
		{0CB17B96-2AB6-4A52-B627-5C0762F5DC81}.Debug|Any CPU.ActiveCfg = Debug|Any CPU
		{0CB17B96-2AB6-4A52-B627-5C0762F5DC81}.Debug|Any CPU.Build.0 = Debug|Any CPU
		{0CB17B96-2AB6-4A52-B627-5C0762F5DC81}.Release|Any CPU.ActiveCfg = Release|Any CPU
		{0CB17B96-2AB6-4A52-B627-5C0762F5DC81}.Release|Any CPU.Build.0 = Release|Any CPU
	EndGlobalSection
	GlobalSection(SolutionProperties) = preSolution
		HideSolutionNode = FALSE
	EndGlobalSection
	GlobalSection(ExtensibilityGlobals) = postSolution
		SolutionGuid = {4C2FFB38-EDCA-407E-9E6F-FBB1FDFF979F}
	EndGlobalSection
EndGlobal
